
Microsoft Visual Studio Solution File, Format Version 12.00
# Visual Studio Version 17
VisualStudioVersion = 17.4.33213.308
MinimumVisualStudioVersion = 10.0.40219.1
Project("{9A19103F-16F7-4668-BE54-9A1E7A4F7556}") = "EtwinLoginWeb", "Etwin1\EtwinLoginWeb.csproj", "{63059DB6-ACAE-40C9-9632-D3B75582EB1A}"
EndProject
Project("{FAE04EC0-301F-11D3-BF4B-00C04F79EFBC}") = "Etwin.DAL", "Etwin.DAL\Etwin.DAL.csproj", "{ED7510C8-49A8-42DB-B79F-FE0FBF7A6470}"
EndProject
Project("{FAE04EC0-301F-11D3-BF4B-00C04F79EFBC}") = "Etwin.BAL", "Etwin.BAL\Etwin.BAL.csproj", "{AEEC46B3-F3FE-4A5B-B704-95EFF2E6BB2F}"
EndProject
Global
	GlobalSection(SolutionConfigurationPlatforms) = preSolution
		Debug|Any CPU = Debug|Any CPU
		Release|Any CPU = Release|Any CPU
	EndGlobalSection
	GlobalSection(ProjectConfigurationPlatforms) = postSolution
		{63059DB6-ACAE-40C9-9632-D3B75582EB1A}.Debug|Any CPU.ActiveCfg = Debug|Any CPU
		{63059DB6-ACAE-40C9-9632-D3B75582EB1A}.Debug|Any CPU.Build.0 = Debug|Any CPU
		{63059DB6-ACAE-40C9-9632-D3B75582EB1A}.Release|Any CPU.ActiveCfg = Release|Any CPU
		{63059DB6-ACAE-40C9-9632-D3B75582EB1A}.Release|Any CPU.Build.0 = Release|Any CPU
		{ED7510C8-49A8-42DB-B79F-FE0FBF7A6470}.Debug|Any CPU.ActiveCfg = Debug|Any CPU
		{ED7510C8-49A8-42DB-B79F-FE0FBF7A6470}.Debug|Any CPU.Build.0 = Debug|Any CPU
		{ED7510C8-49A8-42DB-B79F-FE0FBF7A6470}.Release|Any CPU.ActiveCfg = Release|Any CPU
		{ED7510C8-49A8-42DB-B79F-FE0FBF7A6470}.Release|Any CPU.Build.0 = Release|Any CPU
		{AEEC46B3-F3FE-4A5B-B704-95EFF2E6BB2F}.Debug|Any CPU.ActiveCfg = Debug|Any CPU
		{AEEC46B3-F3FE-4A5B-B704-95EFF2E6BB2F}.Debug|Any CPU.Build.0 = Debug|Any CPU
		{AEEC46B3-F3FE-4A5B-B704-95EFF2E6BB2F}.Release|Any CPU.ActiveCfg = Release|Any CPU
		{AEEC46B3-F3FE-4A5B-B704-95EFF2E6BB2F}.Release|Any CPU.Build.0 = Release|Any CPU
	EndGlobalSection
	GlobalSection(SolutionProperties) = preSolution
		HideSolutionNode = FALSE
	EndGlobalSection
	GlobalSection(ExtensibilityGlobals) = postSolution
		SolutionGuid = {2D97BB36-5AA3-4349-A2D1-549BE8672BE8}
	EndGlobalSection
EndGlobal
